
Microsoft Visual Studio Solution File, Format Version 12.00
# Visual Studio Version 17
VisualStudioVersion = 17.14.36202.13 d17.14
MinimumVisualStudioVersion = 10.0.40219.1
Project("{FAE04EC0-301F-11D3-BF4B-00C04F79EFBC}") = "Ejercicio 1", "Ejercicio 1.csproj", "{B74BA426-A8F6-41D8-93E9-D341BCF6F623}"
EndProject
Global
	GlobalSection(SolutionConfigurationPlatforms) = preSolution
		Debug|Any CPU = Debug|Any CPU
		Release|Any CPU = Release|Any CPU
	EndGlobalSection
	GlobalSection(ProjectConfigurationPlatforms) = postSolution
		{B74BA426-A8F6-41D8-93E9-D341BCF6F623}.Debug|Any CPU.ActiveCfg = Debug|Any CPU
		{B74BA426-A8F6-41D8-93E9-D341BCF6F623}.Debug|Any CPU.Build.0 = Debug|Any CPU
		{B74BA426-A8F6-41D8-93E9-D341BCF6F623}.Release|Any CPU.ActiveCfg = Release|Any CPU
		{B74BA426-A8F6-41D8-93E9-D341BCF6F623}.Release|Any CPU.Build.0 = Release|Any CPU
	EndGlobalSection
	GlobalSection(SolutionProperties) = preSolution
		HideSolutionNode = FALSE
	EndGlobalSection
	GlobalSection(ExtensibilityGlobals) = postSolution
		SolutionGuid = {3D2CA48B-B460-40D5-986C-FE5E32D1C463}
	EndGlobalSection
EndGlobal
