
Microsoft Visual Studio Solution File, Format Version 12.00
# Visual Studio Version 17
VisualStudioVersion = 17.14.36202.13 d17.14
MinimumVisualStudioVersion = 10.0.40219.1
Project("{FAE04EC0-301F-11D3-BF4B-00C04F79EFBC}") = "Ejercicio 2", "Ejercicio 2.csproj", "{0D1326B1-EF3A-415A-B79B-CA4D1A6BDE02}"
EndProject
Global
	GlobalSection(SolutionConfigurationPlatforms) = preSolution
		Debug|Any CPU = Debug|Any CPU
		Release|Any CPU = Release|Any CPU
	EndGlobalSection
	GlobalSection(ProjectConfigurationPlatforms) = postSolution
		{0D1326B1-EF3A-415A-B79B-CA4D1A6BDE02}.Debug|Any CPU.ActiveCfg = Debug|Any CPU
		{0D1326B1-EF3A-415A-B79B-CA4D1A6BDE02}.Debug|Any CPU.Build.0 = Debug|Any CPU
		{0D1326B1-EF3A-415A-B79B-CA4D1A6BDE02}.Release|Any CPU.ActiveCfg = Release|Any CPU
		{0D1326B1-EF3A-415A-B79B-CA4D1A6BDE02}.Release|Any CPU.Build.0 = Release|Any CPU
	EndGlobalSection
	GlobalSection(SolutionProperties) = preSolution
		HideSolutionNode = FALSE
	EndGlobalSection
	GlobalSection(ExtensibilityGlobals) = postSolution
		SolutionGuid = {9EECA81D-7F08-41A9-9284-80BA6E6B157E}
	EndGlobalSection
EndGlobal
